PODS:
  - Starscream (0.9.6)
  - SwiftPhoenixClient (0.2.0):
    - Starscream (~> 0.9.6)

DEPENDENCIES:
  - SwiftPhoenixClient (from `../`)

EXTERNAL SOURCES:
  SwiftPhoenixClient:
    :path: "../"

SPEC CHECKSUMS:
  Starscream: 347fcaf3e2555e72a031ccf4a4fb483d5acad05d
  SwiftPhoenixClient: 535d9609b3ab56d481922df6ff825309a5ed27e2

COCOAPODS: 0.38.2
