// !$*UTF8*$!
{
	archiveVersion = 1;
	classes = {
	};
	objectVersion = 46;
	objects = {

/* Begin PBXBuildFile section */
		63E2C6911A2B87D200E162D5 /* AppDelegate.swift in Sources */ = {isa = PBXBuildFile; fileRef = 63E2C6901A2B87D200E162D5 /* AppDelegate.swift */; };
		63E2C6931A2B87D200E162D5 /* ViewController.swift in Sources */ = {isa = PBXBuildFile; fileRef = 63E2C6921A2B87D200E162D5 /* ViewController.swift */; };
		63E2C6961A2B87D200E162D5 /* Main.storyboard in Resources */ = {isa = PBXBuildFile; fileRef = 63E2C6941A2B87D200E162D5 /* Main.storyboard */; };
		63E2C6981A2B87D200E162D5 /* Images.xcassets in Resources */ = {isa = PBXBuildFile; fileRef = 63E2C6971A2B87D200E162D5 /* Images.xcassets */; };
		63E2C69B1A2B87D200E162D5 /* LaunchScreen.xib in Resources */ = {isa = PBXBuildFile; fileRef = 63E2C6991A2B87D200E162D5 /* LaunchScreen.xib */; };
		63E2C6A71A2B87D200E162D5 /* SwiftPhoenixTests.swift in Sources */ = {isa = PBXBuildFile; fileRef = 63E2C6A61A2B87D200E162D5 /* SwiftPhoenixTests.swift */; };
		63E2C6B21A2B889500E162D5 /* Websocket.swift in Sources */ = {isa = PBXBuildFile; fileRef = 63E2C6B11A2B889500E162D5 /* Websocket.swift */; };
		63FA89171A2CE3010022BE7B /* Phoenix.swift in Sources */ = {isa = PBXBuildFile; fileRef = 63FA89161A2CE3010022BE7B /* Phoenix.swift */; };
		63FA89191A2CF6370022BE7B /* Json.swift in Sources */ = {isa = PBXBuildFile; fileRef = 63FA89181A2CF6370022BE7B /* Json.swift */; };
		63FA891B1A2D51310022BE7B /* Serializable.swift in Sources */ = {isa = PBXBuildFile; fileRef = 63FA891A1A2D51310022BE7B /* Serializable.swift */; };
		CF3B61A11B8A901A0081C250 /* Path.swift in Sources */ = {isa = PBXBuildFile; fileRef = CF3B61A01B8A901A0081C250 /* Path.swift */; };
		CF3B61A31B8AB9F70081C250 /* PathTests.swift in Sources */ = {isa = PBXBuildFile; fileRef = CF3B61A21B8AB9F70081C250 /* PathTests.swift */; };
		CF3B61A61B8ABD180081C250 /* Path.swift in Sources */ = {isa = PBXBuildFile; fileRef = CF3B61A01B8A901A0081C250 /* Path.swift */; };
/* End PBXBuildFile section */

/* Begin PBXContainerItemProxy section */
		63E2C6A11A2B87D200E162D5 /* PBXContainerItemProxy */ = {
			isa = PBXContainerItemProxy;
			containerPortal = 63E2C6831A2B87D200E162D5 /* Project object */;
			proxyType = 1;
			remoteGlobalIDString = 63E2C68A1A2B87D200E162D5;
			remoteInfo = SwiftPhoenix;
		};
/* End PBXContainerItemProxy section */

/* Begin PBXFileReference section */
		63E2C68B1A2B87D200E162D5 /* SwiftPhoenix.app */ = {isa = PBXFileReference; explicitFileType = wrapper.application; includeInIndex = 0; path = SwiftPhoenix.app; sourceTree = BUILT_PRODUCTS_DIR; };
		63E2C68F1A2B87D200E162D5 /* Info.plist */ = {isa = PBXFileReference; lastKnownFileType = text.plist.xml; path = Info.plist; sourceTree = "<group>"; };
		63E2C6901A2B87D200E162D5 /* AppDelegate.swift */ = {isa = PBXFileReference; lastKnownFileType = sourcecode.swift; path = AppDelegate.swift; sourceTree = "<group>"; };
		63E2C6921A2B87D200E162D5 /* ViewController.swift */ = {isa = PBXFileReference; lastKnownFileType = sourcecode.swift; path = ViewController.swift; sourceTree = "<group>"; };
		63E2C6951A2B87D200E162D5 /* Base */ = {isa = PBXFileReference; lastKnownFileType = file.storyboard; name = Base; path = Base.lproj/Main.storyboard; sourceTree = "<group>"; };
		63E2C6971A2B87D200E162D5 /* Images.xcassets */ = {isa = PBXFileReference; lastKnownFileType = folder.assetcatalog; path = Images.xcassets; sourceTree = "<group>"; };
		63E2C69A1A2B87D200E162D5 /* Base */ = {isa = PBXFileReference; lastKnownFileType = file.xib; name = Base; path = Base.lproj/LaunchScreen.xib; sourceTree = "<group>"; };
		63E2C6A01A2B87D200E162D5 /* SwiftPhoenixTests.xctest */ = {isa = PBXFileReference; explicitFileType = wrapper.cfbundle; includeInIndex = 0; path = SwiftPhoenixTests.xctest; sourceTree = BUILT_PRODUCTS_DIR; };
		63E2C6A51A2B87D200E162D5 /* Info.plist */ = {isa = PBXFileReference; lastKnownFileType = text.plist.xml; path = Info.plist; sourceTree = "<group>"; };
		63E2C6A61A2B87D200E162D5 /* SwiftPhoenixTests.swift */ = {isa = PBXFileReference; lastKnownFileType = sourcecode.swift; path = SwiftPhoenixTests.swift; sourceTree = "<group>"; };
		63E2C6B11A2B889500E162D5 /* Websocket.swift */ = {isa = PBXFileReference; fileEncoding = 4; lastKnownFileType = sourcecode.swift; path = Websocket.swift; sourceTree = "<group>"; };
		63FA89161A2CE3010022BE7B /* Phoenix.swift */ = {isa = PBXFileReference; fileEncoding = 4; lastKnownFileType = sourcecode.swift; path = Phoenix.swift; sourceTree = "<group>"; };
		63FA89181A2CF6370022BE7B /* Json.swift */ = {isa = PBXFileReference; fileEncoding = 4; lastKnownFileType = sourcecode.swift; path = Json.swift; sourceTree = "<group>"; };
		63FA891A1A2D51310022BE7B /* Serializable.swift */ = {isa = PBXFileReference; fileEncoding = 4; lastKnownFileType = sourcecode.swift; path = Serializable.swift; sourceTree = "<group>"; };
		CF3B61A01B8A901A0081C250 /* Path.swift */ = {isa = PBXFileReference; fileEncoding = 4; lastKnownFileType = sourcecode.swift; path = Path.swift; sourceTree = "<group>"; };
		CF3B61A21B8AB9F70081C250 /* PathTests.swift */ = {isa = PBXFileReference; fileEncoding = 4; lastKnownFileType = sourcecode.swift; path = PathTests.swift; sourceTree = "<group>"; };
/* End PBXFileReference section */

/* Begin PBXFrameworksBuildPhase section */
		63E2C6881A2B87D200E162D5 /* Frameworks */ = {
			isa = PBXFrameworksBuildPhase;
			buildActionMask = 2147483647;
			files = (
			);
			runOnlyForDeploymentPostprocessing = 0;
		};
		63E2C69D1A2B87D200E162D5 /* Frameworks */ = {
			isa = PBXFrameworksBuildPhase;
			buildActionMask = 2147483647;
			files = (
			);
			runOnlyForDeploymentPostprocessing = 0;
		};
/* End PBXFrameworksBuildPhase section */

/* Begin PBXGroup section */
		63E2C6821A2B87D200E162D5 = {
			isa = PBXGroup;
			children = (
				63E2C68D1A2B87D200E162D5 /* SwiftPhoenix */,
				63E2C6A31A2B87D200E162D5 /* SwiftPhoenixTests */,
				63E2C68C1A2B87D200E162D5 /* Products */,
			);
			sourceTree = "<group>";
		};
		63E2C68C1A2B87D200E162D5 /* Products */ = {
			isa = PBXGroup;
			children = (
				63E2C68B1A2B87D200E162D5 /* SwiftPhoenix.app */,
				63E2C6A01A2B87D200E162D5 /* SwiftPhoenixTests.xctest */,
			);
			name = Products;
			sourceTree = "<group>";
		};
		63E2C68D1A2B87D200E162D5 /* SwiftPhoenix */ = {
			isa = PBXGroup;
			children = (
				63E2C6B01A2B888600E162D5 /* Phoenix */,
				63E2C6901A2B87D200E162D5 /* AppDelegate.swift */,
				63E2C6921A2B87D200E162D5 /* ViewController.swift */,
				63E2C6941A2B87D200E162D5 /* Main.storyboard */,
				63E2C6971A2B87D200E162D5 /* Images.xcassets */,
				63E2C6991A2B87D200E162D5 /* LaunchScreen.xib */,
				63E2C68E1A2B87D200E162D5 /* Supporting Files */,
			);
			path = SwiftPhoenix;
			sourceTree = "<group>";
		};
		63E2C68E1A2B87D200E162D5 /* Supporting Files */ = {
			isa = PBXGroup;
			children = (
				63E2C68F1A2B87D200E162D5 /* Info.plist */,
			);
			name = "Supporting Files";
			sourceTree = "<group>";
		};
		63E2C6A31A2B87D200E162D5 /* SwiftPhoenixTests */ = {
			isa = PBXGroup;
			children = (
				63E2C6A61A2B87D200E162D5 /* SwiftPhoenixTests.swift */,
				CF3B61A21B8AB9F70081C250 /* PathTests.swift */,
				63E2C6A41A2B87D200E162D5 /* Supporting Files */,
			);
			path = SwiftPhoenixTests;
			sourceTree = "<group>";
		};
		63E2C6A41A2B87D200E162D5 /* Supporting Files */ = {
			isa = PBXGroup;
			children = (
				63E2C6A51A2B87D200E162D5 /* Info.plist */,
			);
			name = "Supporting Files";
			sourceTree = "<group>";
		};
		63E2C6B01A2B888600E162D5 /* Phoenix */ = {
			isa = PBXGroup;
			children = (
				63E2C6B11A2B889500E162D5 /* Websocket.swift */,
				63FA89161A2CE3010022BE7B /* Phoenix.swift */,
				CF3B61A01B8A901A0081C250 /* Path.swift */,
				63FA89181A2CF6370022BE7B /* Json.swift */,
				63FA891A1A2D51310022BE7B /* Serializable.swift */,
			);
			path = Phoenix;
			sourceTree = "<group>";
		};
/* End PBXGroup section */

/* Begin PBXNativeTarget section */
		63E2C68A1A2B87D200E162D5 /* SwiftPhoenix */ = {
			isa = PBXNativeTarget;
			buildConfigurationList = 63E2C6AA1A2B87D200E162D5 /* Build configuration list for PBXNativeTarget "SwiftPhoenix" */;
			buildPhases = (
				63E2C6871A2B87D200E162D5 /* Sources */,
				63E2C6881A2B87D200E162D5 /* Frameworks */,
				63E2C6891A2B87D200E162D5 /* Resources */,
			);
			buildRules = (
			);
			dependencies = (
			);
			name = SwiftPhoenix;
			productName = SwiftPhoenix;
			productReference = 63E2C68B1A2B87D200E162D5 /* SwiftPhoenix.app */;
			productType = "com.apple.product-type.application";
		};
		63E2C69F1A2B87D200E162D5 /* SwiftPhoenixTests */ = {
			isa = PBXNativeTarget;
			buildConfigurationList = 63E2C6AD1A2B87D200E162D5 /* Build configuration list for PBXNativeTarget "SwiftPhoenixTests" */;
			buildPhases = (
				63E2C69C1A2B87D200E162D5 /* Sources */,
				63E2C69D1A2B87D200E162D5 /* Frameworks */,
				63E2C69E1A2B87D200E162D5 /* Resources */,
			);
			buildRules = (
			);
			dependencies = (
				63E2C6A21A2B87D200E162D5 /* PBXTargetDependency */,
			);
			name = SwiftPhoenixTests;
			productName = SwiftPhoenixTests;
			productReference = 63E2C6A01A2B87D200E162D5 /* SwiftPhoenixTests.xctest */;
			productType = "com.apple.product-type.bundle.unit-test";
		};
/* End PBXNativeTarget section */

/* Begin PBXProject section */
		63E2C6831A2B87D200E162D5 /* Project object */ = {
			isa = PBXProject;
			attributes = {
				LastUpgradeCheck = 0610;
				ORGANIZATIONNAME = "David Stump";
				TargetAttributes = {
					63E2C68A1A2B87D200E162D5 = {
						CreatedOnToolsVersion = 6.1;
					};
					63E2C69F1A2B87D200E162D5 = {
						CreatedOnToolsVersion = 6.1;
						TestTargetID = 63E2C68A1A2B87D200E162D5;
					};
				};
			};
			buildConfigurationList = 63E2C6861A2B87D200E162D5 /* Build configuration list for PBXProject "SwiftPhoenix" */;
			compatibilityVersion = "Xcode 3.2";
			developmentRegion = English;
			hasScannedForEncodings = 0;
			knownRegions = (
				en,
				Base,
			);
			mainGroup = 63E2C6821A2B87D200E162D5;
			productRefGroup = 63E2C68C1A2B87D200E162D5 /* Products */;
			projectDirPath = "";
			projectRoot = "";
			targets = (
				63E2C68A1A2B87D200E162D5 /* SwiftPhoenix */,
				63E2C69F1A2B87D200E162D5 /* SwiftPhoenixTests */,
			);
		};
/* End PBXProject section */

/* Begin PBXResourcesBuildPhase section */
		63E2C6891A2B87D200E162D5 /* Resources */ = {
			isa = PBXResourcesBuildPhase;
			buildActionMask = 2147483647;
			files = (
				63E2C6961A2B87D200E162D5 /* Main.storyboard in Resources */,
				63E2C69B1A2B87D200E162D5 /* LaunchScreen.xib in Resources */,
				63E2C6981A2B87D200E162D5 /* Images.xcassets in Resources */,
			);
			runOnlyForDeploymentPostprocessing = 0;
		};
		63E2C69E1A2B87D200E162D5 /* Resources */ = {
			isa = PBXResourcesBuildPhase;
			buildActionMask = 2147483647;
			files = (
			);
			runOnlyForDeploymentPostprocessing = 0;
		};
/* End PBXResourcesBuildPhase section */

/* Begin PBXSourcesBuildPhase section */
		63E2C6871A2B87D200E162D5 /* Sources */ = {
			isa = PBXSourcesBuildPhase;
			buildActionMask = 2147483647;
			files = (
				63FA891B1A2D51310022BE7B /* Serializable.swift in Sources */,
				CF3B61A11B8A901A0081C250 /* Path.swift in Sources */,
				63E2C6931A2B87D200E162D5 /* ViewController.swift in Sources */,
				63E2C6B21A2B889500E162D5 /* Websocket.swift in Sources */,
				63E2C6911A2B87D200E162D5 /* AppDelegate.swift in Sources */,
				63FA89191A2CF6370022BE7B /* Json.swift in Sources */,
				63FA89171A2CE3010022BE7B /* Phoenix.swift in Sources */,
			);
			runOnlyForDeploymentPostprocessing = 0;
		};
		63E2C69C1A2B87D200E162D5 /* Sources */ = {
			isa = PBXSourcesBuildPhase;
			buildActionMask = 2147483647;
			files = (
				CF3B61A31B8AB9F70081C250 /* PathTests.swift in Sources */,
				CF3B61A61B8ABD180081C250 /* Path.swift in Sources */,
				63E2C6A71A2B87D200E162D5 /* SwiftPhoenixTests.swift in Sources */,
			);
			runOnlyForDeploymentPostprocessing = 0;
		};
/* End PBXSourcesBuildPhase section */

/* Begin PBXTargetDependency section */
		63E2C6A21A2B87D200E162D5 /* PBXTargetDependency */ = {
			isa = PBXTargetDependency;
			target = 63E2C68A1A2B87D200E162D5 /* SwiftPhoenix */;
			targetProxy = 63E2C6A11A2B87D200E162D5 /* PBXContainerItemProxy */;
		};
/* End PBXTargetDependency section */

/* Begin PBXVariantGroup section */
		63E2C6941A2B87D200E162D5 /* Main.storyboard */ = {
			isa = PBXVariantGroup;
			children = (
				63E2C6951A2B87D200E162D5 /* Base */,
			);
			name = Main.storyboard;
			sourceTree = "<group>";
		};
		63E2C6991A2B87D200E162D5 /* LaunchScreen.xib */ = {
			isa = PBXVariantGroup;
			children = (
				63E2C69A1A2B87D200E162D5 /* Base */,
			);
			name = LaunchScreen.xib;
			sourceTree = "<group>";
		};
/* End PBXVariantGroup section */

/* Begin XCBuildConfiguration section */
		63E2C6A81A2B87D200E162D5 /* Debug */ = {
			isa = XCBuildConfiguration;
			buildSettings = {
				ALWAYS_SEARCH_USER_PATHS = NO;
				CLANG_CXX_LANGUAGE_STANDARD = "gnu++0x";
				CLANG_CXX_LIBRARY = "libc++";
				CLANG_ENABLE_MODULES = YES;
				CLANG_ENABLE_OBJC_ARC = YES;
				CLANG_WARN_BOOL_CONVERSION = YES;
				CLANG_WARN_CONSTANT_CONVERSION = YES;
				CLANG_WARN_DIRECT_OBJC_ISA_USAGE = YES_ERROR;
				CLANG_WARN_EMPTY_BODY = YES;
				CLANG_WARN_ENUM_CONVERSION = YES;
				CLANG_WARN_INT_CONVERSION = YES;
				CLANG_WARN_OBJC_ROOT_CLASS = YES_ERROR;
				CLANG_WARN_UNREACHABLE_CODE = YES;
				CLANG_WARN__DUPLICATE_METHOD_MATCH = YES;
				"CODE_SIGN_IDENTITY[sdk=iphoneos*]" = "iPhone Developer";
				COPY_PHASE_STRIP = NO;
				ENABLE_STRICT_OBJC_MSGSEND = YES;
				GCC_C_LANGUAGE_STANDARD = gnu99;
				GCC_DYNAMIC_NO_PIC = NO;
				GCC_OPTIMIZATION_LEVEL = 0;
				GCC_PREPROCESSOR_DEFINITIONS = (
					"DEBUG=1",
					"$(inherited)",
				);
				GCC_SYMBOLS_PRIVATE_EXTERN = NO;
				GCC_WARN_64_TO_32_BIT_CONVERSION = YES;
				GCC_WARN_ABOUT_RETURN_TYPE = YES_ERROR;
				GCC_WARN_UNDECLARED_SELECTOR = YES;
				GCC_WARN_UNINITIALIZED_AUTOS = YES_AGGRESSIVE;
				GCC_WARN_UNUSED_FUNCTION = YES;
				GCC_WARN_UNUSED_VARIABLE = YES;
				IPHONEOS_DEPLOYMENT_TARGET = 8.1;
				MTL_ENABLE_DEBUG_INFO = YES;
				ONLY_ACTIVE_ARCH = YES;
				SDKROOT = iphoneos;
				SWIFT_OPTIMIZATION_LEVEL = "-Onone";
			};
			name = Debug;
		};
		63E2C6A91A2B87D200E162D5 /* Release */ = {
			isa = XCBuildConfiguration;
			buildSettings = {
				ALWAYS_SEARCH_USER_PATHS = NO;
				CLANG_CXX_LANGUAGE_STANDARD = "gnu++0x";
				CLANG_CXX_LIBRARY = "libc++";
				CLANG_ENABLE_MODULES = YES;
				CLANG_ENABLE_OBJC_ARC = YES;
				CLANG_WARN_BOOL_CONVERSION = YES;
				CLANG_WARN_CONSTANT_CONVERSION = YES;
				CLANG_WARN_DIRECT_OBJC_ISA_USAGE = YES_ERROR;
				CLANG_WARN_EMPTY_BODY = YES;
				CLANG_WARN_ENUM_CONVERSION = YES;
				CLANG_WARN_INT_CONVERSION = YES;
				CLANG_WARN_OBJC_ROOT_CLASS = YES_ERROR;
				CLANG_WARN_UNREACHABLE_CODE = YES;
				CLANG_WARN__DUPLICATE_METHOD_MATCH = YES;
				"CODE_SIGN_IDENTITY[sdk=iphoneos*]" = "iPhone Developer";
				COPY_PHASE_STRIP = YES;
				ENABLE_NS_ASSERTIONS = NO;
				ENABLE_STRICT_OBJC_MSGSEND = YES;
				GCC_C_LANGUAGE_STANDARD = gnu99;
				GCC_WARN_64_TO_32_BIT_CONVERSION = YES;
				GCC_WARN_ABOUT_RETURN_TYPE = YES_ERROR;
				GCC_WARN_UNDECLARED_SELECTOR = YES;
				GCC_WARN_UNINITIALIZED_AUTOS = YES_AGGRESSIVE;
				GCC_WARN_UNUSED_FUNCTION = YES;
				GCC_WARN_UNUSED_VARIABLE = YES;
				IPHONEOS_DEPLOYMENT_TARGET = 8.1;
				MTL_ENABLE_DEBUG_INFO = NO;
				SDKROOT = iphoneos;
				VALIDATE_PRODUCT = YES;
			};
			name = Release;
		};
		63E2C6AB1A2B87D200E162D5 /* Debug */ = {
			isa = XCBuildConfiguration;
			buildSettings = {
				ASSETCATALOG_COMPILER_APPICON_NAME = AppIcon;
				INFOPLIST_FILE = SwiftPhoenix/Info.plist;
				LD_RUNPATH_SEARCH_PATHS = "$(inherited) @executable_path/Frameworks";
				PRODUCT_NAME = "$(TARGET_NAME)";
			};
			name = Debug;
		};
		63E2C6AC1A2B87D200E162D5 /* Release */ = {
			isa = XCBuildConfiguration;
			buildSettings = {
				ASSETCATALOG_COMPILER_APPICON_NAME = AppIcon;
				INFOPLIST_FILE = SwiftPhoenix/Info.plist;
				LD_RUNPATH_SEARCH_PATHS = "$(inherited) @executable_path/Frameworks";
				PRODUCT_NAME = "$(TARGET_NAME)";
			};
			name = Release;
		};
		63E2C6AE1A2B87D200E162D5 /* Debug */ = {
			isa = XCBuildConfiguration;
			buildSettings = {
				BUNDLE_LOADER = "$(TEST_HOST)";
				FRAMEWORK_SEARCH_PATHS = (
					"$(SDKROOT)/Developer/Library/Frameworks",
					"$(inherited)",
				);
				GCC_PREPROCESSOR_DEFINITIONS = (
					"DEBUG=1",
					"$(inherited)",
				);
				INFOPLIST_FILE = SwiftPhoenixTests/Info.plist;
				LD_RUNPATH_SEARCH_PATHS = "$(inherited) @executable_path/Frameworks @loader_path/Frameworks";
				PRODUCT_NAME = "$(TARGET_NAME)";
				TEST_HOST = "$(BUILT_PRODUCTS_DIR)/SwiftPhoenix.app/SwiftPhoenix";
			};
			name = Debug;
		};
		63E2C6AF1A2B87D200E162D5 /* Release */ = {
			isa = XCBuildConfiguration;
			buildSettings = {
				BUNDLE_LOADER = "$(TEST_HOST)";
				FRAMEWORK_SEARCH_PATHS = (
					"$(SDKROOT)/Developer/Library/Frameworks",
					"$(inherited)",
				);
				INFOPLIST_FILE = SwiftPhoenixTests/Info.plist;
				LD_RUNPATH_SEARCH_PATHS = "$(inherited) @executable_path/Frameworks @loader_path/Frameworks";
				PRODUCT_NAME = "$(TARGET_NAME)";
				TEST_HOST = "$(BUILT_PRODUCTS_DIR)/SwiftPhoenix.app/SwiftPhoenix";
			};
			name = Release;
		};
/* End XCBuildConfiguration section */

/* Begin XCConfigurationList section */
		63E2C6861A2B87D200E162D5 /* Build configuration list for PBXProject "SwiftPhoenix" */ = {
			isa = XCConfigurationList;
			buildConfigurations = (
				63E2C6A81A2B87D200E162D5 /* Debug */,
				63E2C6A91A2B87D200E162D5 /* Release */,
			);
			defaultConfigurationIsVisible = 0;
			defaultConfigurationName = Release;
		};
		63E2C6AA1A2B87D200E162D5 /* Build configuration list for PBXNativeTarget "SwiftPhoenix" */ = {
			isa = XCConfigurationList;
			buildConfigurations = (
				63E2C6AB1A2B87D200E162D5 /* Debug */,
				63E2C6AC1A2B87D200E162D5 /* Release */,
			);
			defaultConfigurationIsVisible = 0;
			defaultConfigurationName = Release;
		};
		63E2C6AD1A2B87D200E162D5 /* Build configuration list for PBXNativeTarget "SwiftPhoenixTests" */ = {
			isa = XCConfigurationList;
			buildConfigurations = (
				63E2C6AE1A2B87D200E162D5 /* Debug */,
				63E2C6AF1A2B87D200E162D5 /* Release */,
			);
			defaultConfigurationIsVisible = 0;
			defaultConfigurationName = Release;
		};
/* End XCConfigurationList section */
	};
	rootObject = 63E2C6831A2B87D200E162D5 /* Project object */;
}
