// !$*UTF8*$!
{
	archiveVersion = 1;
	classes = {
	};
	objectVersion = 52;
	objects = {

/* Begin PBXBuildFile section */
		125A9EF82543C84700292017 /* SwiftPhoenixClient.framework in Frameworks */ = {isa = PBXBuildFile; fileRef = 1281439225410D52008615A7 /* SwiftPhoenixClient.framework */; };
		125A9F082543C8D000292017 /* Assets.xcassets in Resources */ = {isa = PBXBuildFile; fileRef = 125A9EFF2543C8D000292017 /* Assets.xcassets */; };
		125A9F092543C8D000292017 /* LaunchScreen.storyboard in Resources */ = {isa = PBXBuildFile; fileRef = 125A9F002543C8D000292017 /* LaunchScreen.storyboard */; };
		125A9F0A2543C8D000292017 /* Main.storyboard in Resources */ = {isa = PBXBuildFile; fileRef = 125A9F022543C8D000292017 /* Main.storyboard */; };
		125A9F0B2543C8D000292017 /* AppDelegate.swift in Sources */ = {isa = PBXBuildFile; fileRef = 125A9F042543C8D000292017 /* AppDelegate.swift */; };
		125A9F0D2543C8D000292017 /* SceneDelegate.swift in Sources */ = {isa = PBXBuildFile; fileRef = 125A9F062543C8D000292017 /* SceneDelegate.swift */; };
		125A9F0F2543CDDE00292017 /* BasicChatViewController.swift in Sources */ = {isa = PBXBuildFile; fileRef = 125A9F0E2543CDDE00292017 /* BasicChatViewController.swift */; };
		1281439C25410D52008615A7 /* SwiftPhoenixClient.framework in Frameworks */ = {isa = PBXBuildFile; fileRef = 1281439225410D52008615A7 /* SwiftPhoenixClient.framework */; };
		128143B225410DF3008615A7 /* SwiftPhoenixClient.h in Headers */ = {isa = PBXBuildFile; fileRef = 128143B025410DF3008615A7 /* SwiftPhoenixClient.h */; settings = {ATTRIBUTES = (Public, ); }; };
		12922E202543B10B0034B257 /* Socket.swift in Sources */ = {isa = PBXBuildFile; fileRef = 12922E1F2543B10B0034B257 /* Socket.swift */; };
		12922E222543B37B0034B257 /* PhoenixTransport.swift in Sources */ = {isa = PBXBuildFile; fileRef = 12922E212543B37B0034B257 /* PhoenixTransport.swift */; };
		12991DFB254C3EB800BB8650 /* Defaults.swift in Sources */ = {isa = PBXBuildFile; fileRef = 12991DFA254C3EB800BB8650 /* Defaults.swift */; };
		12991DFD254C3ED300BB8650 /* Delegated.swift in Sources */ = {isa = PBXBuildFile; fileRef = 12991DFC254C3ED300BB8650 /* Delegated.swift */; };
		12991DFF254C3EF900BB8650 /* HeartbeatTimer.swift in Sources */ = {isa = PBXBuildFile; fileRef = 12991DFE254C3EF900BB8650 /* HeartbeatTimer.swift */; };
		12991E01254C3F1300BB8650 /* TimeoutTimer.swift in Sources */ = {isa = PBXBuildFile; fileRef = 12991E00254C3F1300BB8650 /* TimeoutTimer.swift */; };
		12991E03254C3F2300BB8650 /* Push.swift in Sources */ = {isa = PBXBuildFile; fileRef = 12991E02254C3F2300BB8650 /* Push.swift */; };
		12991E05254C3F3300BB8650 /* Channel.swift in Sources */ = {isa = PBXBuildFile; fileRef = 12991E04254C3F3300BB8650 /* Channel.swift */; };
		12991E07254C3F4B00BB8650 /* Message.swift in Sources */ = {isa = PBXBuildFile; fileRef = 12991E06254C3F4B00BB8650 /* Message.swift */; };
		12991E09254C3F5B00BB8650 /* Presence.swift in Sources */ = {isa = PBXBuildFile; fileRef = 12991E08254C3F5B00BB8650 /* Presence.swift */; };
		12991E0F254C454C00BB8650 /* SocketSpy.swift in Sources */ = {isa = PBXBuildFile; fileRef = 12991E0E254C454C00BB8650 /* SocketSpy.swift */; };
		12991E11254C456F00BB8650 /* FakeTimerQueue.swift in Sources */ = {isa = PBXBuildFile; fileRef = 12991E10254C456F00BB8650 /* FakeTimerQueue.swift */; };
		12991E13254C458100BB8650 /* TestHelpers.swift in Sources */ = {isa = PBXBuildFile; fileRef = 12991E12254C458100BB8650 /* TestHelpers.swift */; };
		12991E15254C45FC00BB8650 /* FakeTimerQueueSpec.swift in Sources */ = {isa = PBXBuildFile; fileRef = 12991E14254C45FC00BB8650 /* FakeTimerQueueSpec.swift */; };
		12EF620425524B6800A6EE9B /* SocketSpec.swift in Sources */ = {isa = PBXBuildFile; fileRef = 12EF61FF25524B6800A6EE9B /* SocketSpec.swift */; };
		12EF620525524B6800A6EE9B /* ChannelSpec.swift in Sources */ = {isa = PBXBuildFile; fileRef = 12EF620025524B6800A6EE9B /* ChannelSpec.swift */; };
		12EF620625524B6800A6EE9B /* PresenceSpec.swift in Sources */ = {isa = PBXBuildFile; fileRef = 12EF620125524B6800A6EE9B /* PresenceSpec.swift */; };
		12EF620725524B6800A6EE9B /* TimeoutTimerSpec.swift in Sources */ = {isa = PBXBuildFile; fileRef = 12EF620225524B6800A6EE9B /* TimeoutTimerSpec.swift */; };
		12EF620825524B6800A6EE9B /* DefaultSerializerSpec.swift in Sources */ = {isa = PBXBuildFile; fileRef = 12EF620325524B6800A6EE9B /* DefaultSerializerSpec.swift */; };
		12EF620E25524EEF00A6EE9B /* MockableClass.generated.swift in Sources */ = {isa = PBXBuildFile; fileRef = 12EF620C25524EEF00A6EE9B /* MockableClass.generated.swift */; };
		12EF620F25524EEF00A6EE9B /* MockableProtocol.generated.swift in Sources */ = {isa = PBXBuildFile; fileRef = 12EF620D25524EEF00A6EE9B /* MockableProtocol.generated.swift */; };
		635669C4261631DC0068B665 /* URLSessionTransportSpec.swift in Sources */ = {isa = PBXBuildFile; fileRef = 635669C3261631DC0068B665 /* URLSessionTransportSpec.swift */; };
		63ACBE9426D53DF500171582 /* HeartbeatTimerSpec.swift in Sources */ = {isa = PBXBuildFile; fileRef = 63ACBE9326D53DF500171582 /* HeartbeatTimerSpec.swift */; };
		63B526DE2656D53700289719 /* Nimble.xcframework in Frameworks */ = {isa = PBXBuildFile; fileRef = 63B526DC2656D53700289719 /* Nimble.xcframework */; };
		63B526DF2656D53700289719 /* Quick.xcframework in Frameworks */ = {isa = PBXBuildFile; fileRef = 63B526DD2656D53700289719 /* Quick.xcframework */; };
		63DE6CCA272A2ECB00E2A728 /* MessageSpec.swift in Sources */ = {isa = PBXBuildFile; fileRef = 63DE6CC9272A2ECB00E2A728 /* MessageSpec.swift */; };
		63F0F58D2592E44800C904FB /* ChatRoomViewController.swift in Sources */ = {isa = PBXBuildFile; fileRef = 63F0F58C2592E44800C904FB /* ChatRoomViewController.swift */; };
		63F3765329E7296F00A5AB6E /* SynchronizedArray.swift in Sources */ = {isa = PBXBuildFile; fileRef = 63F3765229E7296F00A5AB6E /* SynchronizedArray.swift */; };
/* End PBXBuildFile section */

/* Begin PBXContainerItemProxy section */
		125A9EFA2543C84700292017 /* PBXContainerItemProxy */ = {
			isa = PBXContainerItemProxy;
			containerPortal = 1281438925410D52008615A7 /* Project object */;
			proxyType = 1;
			remoteGlobalIDString = 1281439125410D52008615A7;
			remoteInfo = SwiftPhoenixClient;
		};
		1281439D25410D52008615A7 /* PBXContainerItemProxy */ = {
			isa = PBXContainerItemProxy;
			containerPortal = 1281438925410D52008615A7 /* Project object */;
			proxyType = 1;
			remoteGlobalIDString = 1281439125410D52008615A7;
			remoteInfo = SwiftPhoenixClient;
		};
/* End PBXContainerItemProxy section */

/* Begin PBXCopyFilesBuildPhase section */
		63B526B42656D0DE00289719 /* Embed Frameworks */ = {
			isa = PBXCopyFilesBuildPhase;
			buildActionMask = 2147483647;
			dstPath = "";
			dstSubfolderSpec = 10;
			files = (
			);
			name = "Embed Frameworks";
			runOnlyForDeploymentPostprocessing = 0;
		};
/* End PBXCopyFilesBuildPhase section */

/* Begin PBXFileReference section */
		125A9EE42543C82800292017 /* Basic.app */ = {isa = PBXFileReference; explicitFileType = wrapper.application; includeInIndex = 0; path = Basic.app; sourceTree = BUILT_PRODUCTS_DIR; };
		125A9EFF2543C8D000292017 /* Assets.xcassets */ = {isa = PBXFileReference; lastKnownFileType = folder.assetcatalog; path = Assets.xcassets; sourceTree = "<group>"; };
		125A9F012543C8D000292017 /* Base */ = {isa = PBXFileReference; lastKnownFileType = file.storyboard; name = Base; path = Base.lproj/LaunchScreen.storyboard; sourceTree = "<group>"; };
		125A9F032543C8D000292017 /* Base */ = {isa = PBXFileReference; lastKnownFileType = file.storyboard; name = Base; path = Base.lproj/Main.storyboard; sourceTree = "<group>"; };
		125A9F042543C8D000292017 /* AppDelegate.swift */ = {isa = PBXFileReference; fileEncoding = 4; lastKnownFileType = sourcecode.swift; path = AppDelegate.swift; sourceTree = "<group>"; };
		125A9F052543C8D000292017 /* Info.plist */ = {isa = PBXFileReference; fileEncoding = 4; lastKnownFileType = text.plist.xml; path = Info.plist; sourceTree = "<group>"; };
		125A9F062543C8D000292017 /* SceneDelegate.swift */ = {isa = PBXFileReference; fileEncoding = 4; lastKnownFileType = sourcecode.swift; path = SceneDelegate.swift; sourceTree = "<group>"; };
		125A9F0E2543CDDE00292017 /* BasicChatViewController.swift */ = {isa = PBXFileReference; lastKnownFileType = sourcecode.swift; path = BasicChatViewController.swift; sourceTree = "<group>"; };
		1281439225410D52008615A7 /* SwiftPhoenixClient.framework */ = {isa = PBXFileReference; explicitFileType = wrapper.framework; includeInIndex = 0; path = SwiftPhoenixClient.framework; sourceTree = BUILT_PRODUCTS_DIR; };
		1281439B25410D52008615A7 /* SwiftPhoenixClientTests.xctest */ = {isa = PBXFileReference; explicitFileType = wrapper.cfbundle; includeInIndex = 0; path = SwiftPhoenixClientTests.xctest; sourceTree = BUILT_PRODUCTS_DIR; };
		128143B025410DF3008615A7 /* SwiftPhoenixClient.h */ = {isa = PBXFileReference; fileEncoding = 4; lastKnownFileType = sourcecode.c.h; path = SwiftPhoenixClient.h; sourceTree = "<group>"; };
		128143B125410DF3008615A7 /* Info.plist */ = {isa = PBXFileReference; fileEncoding = 4; lastKnownFileType = text.plist.xml; path = Info.plist; sourceTree = "<group>"; };
		12922E1F2543B10B0034B257 /* Socket.swift */ = {isa = PBXFileReference; lastKnownFileType = sourcecode.swift; path = Socket.swift; sourceTree = "<group>"; };
		12922E212543B37B0034B257 /* PhoenixTransport.swift */ = {isa = PBXFileReference; lastKnownFileType = sourcecode.swift; path = PhoenixTransport.swift; sourceTree = "<group>"; };
		12991DFA254C3EB800BB8650 /* Defaults.swift */ = {isa = PBXFileReference; lastKnownFileType = sourcecode.swift; path = Defaults.swift; sourceTree = "<group>"; };
		12991DFC254C3ED300BB8650 /* Delegated.swift */ = {isa = PBXFileReference; lastKnownFileType = sourcecode.swift; path = Delegated.swift; sourceTree = "<group>"; };
		12991DFE254C3EF900BB8650 /* HeartbeatTimer.swift */ = {isa = PBXFileReference; lastKnownFileType = sourcecode.swift; path = HeartbeatTimer.swift; sourceTree = "<group>"; };
		12991E00254C3F1300BB8650 /* TimeoutTimer.swift */ = {isa = PBXFileReference; lastKnownFileType = sourcecode.swift; path = TimeoutTimer.swift; sourceTree = "<group>"; };
		12991E02254C3F2300BB8650 /* Push.swift */ = {isa = PBXFileReference; lastKnownFileType = sourcecode.swift; path = Push.swift; sourceTree = "<group>"; };
		12991E04254C3F3300BB8650 /* Channel.swift */ = {isa = PBXFileReference; lastKnownFileType = sourcecode.swift; path = Channel.swift; sourceTree = "<group>"; };
		12991E06254C3F4B00BB8650 /* Message.swift */ = {isa = PBXFileReference; lastKnownFileType = sourcecode.swift; path = Message.swift; sourceTree = "<group>"; };
		12991E08254C3F5B00BB8650 /* Presence.swift */ = {isa = PBXFileReference; lastKnownFileType = sourcecode.swift; path = Presence.swift; sourceTree = "<group>"; };
		12991E0E254C454C00BB8650 /* SocketSpy.swift */ = {isa = PBXFileReference; lastKnownFileType = sourcecode.swift; path = SocketSpy.swift; sourceTree = "<group>"; };
		12991E10254C456F00BB8650 /* FakeTimerQueue.swift */ = {isa = PBXFileReference; lastKnownFileType = sourcecode.swift; path = FakeTimerQueue.swift; sourceTree = "<group>"; };
		12991E12254C458100BB8650 /* TestHelpers.swift */ = {isa = PBXFileReference; lastKnownFileType = sourcecode.swift; path = TestHelpers.swift; sourceTree = "<group>"; };
		12991E14254C45FC00BB8650 /* FakeTimerQueueSpec.swift */ = {isa = PBXFileReference; lastKnownFileType = sourcecode.swift; path = FakeTimerQueueSpec.swift; sourceTree = "<group>"; };
		12EF61FF25524B6800A6EE9B /* SocketSpec.swift */ = {isa = PBXFileReference; fileEncoding = 4; lastKnownFileType = sourcecode.swift; path = SocketSpec.swift; sourceTree = "<group>"; };
		12EF620025524B6800A6EE9B /* ChannelSpec.swift */ = {isa = PBXFileReference; fileEncoding = 4; lastKnownFileType = sourcecode.swift; path = ChannelSpec.swift; sourceTree = "<group>"; };
		12EF620125524B6800A6EE9B /* PresenceSpec.swift */ = {isa = PBXFileReference; fileEncoding = 4; lastKnownFileType = sourcecode.swift; path = PresenceSpec.swift; sourceTree = "<group>"; };
		12EF620225524B6800A6EE9B /* TimeoutTimerSpec.swift */ = {isa = PBXFileReference; fileEncoding = 4; lastKnownFileType = sourcecode.swift; path = TimeoutTimerSpec.swift; sourceTree = "<group>"; };
		12EF620325524B6800A6EE9B /* DefaultSerializerSpec.swift */ = {isa = PBXFileReference; fileEncoding = 4; lastKnownFileType = sourcecode.swift; path = DefaultSerializerSpec.swift; sourceTree = "<group>"; };
		12EF620C25524EEF00A6EE9B /* MockableClass.generated.swift */ = {isa = PBXFileReference; fileEncoding = 4; lastKnownFileType = sourcecode.swift; path = MockableClass.generated.swift; sourceTree = "<group>"; };
		12EF620D25524EEF00A6EE9B /* MockableProtocol.generated.swift */ = {isa = PBXFileReference; fileEncoding = 4; lastKnownFileType = sourcecode.swift; path = MockableProtocol.generated.swift; sourceTree = "<group>"; };
		635669C3261631DC0068B665 /* URLSessionTransportSpec.swift */ = {isa = PBXFileReference; lastKnownFileType = sourcecode.swift; path = URLSessionTransportSpec.swift; sourceTree = "<group>"; };
		63ACBE9326D53DF500171582 /* HeartbeatTimerSpec.swift */ = {isa = PBXFileReference; lastKnownFileType = sourcecode.swift; path = HeartbeatTimerSpec.swift; sourceTree = "<group>"; };
		63B526842656CF9600289719 /* Starscream.xcframework */ = {isa = PBXFileReference; lastKnownFileType = wrapper.xcframework; name = Starscream.xcframework; path = Carthage/Build/Starscream.xcframework; sourceTree = "<group>"; };
		63B5268D2656CFFE00289719 /* RxSwift.xcframework */ = {isa = PBXFileReference; lastKnownFileType = wrapper.xcframework; name = RxSwift.xcframework; path = Carthage/Build/RxSwift.xcframework; sourceTree = "<group>"; };
		63B526DC2656D53700289719 /* Nimble.xcframework */ = {isa = PBXFileReference; lastKnownFileType = wrapper.xcframework; name = Nimble.xcframework; path = Carthage/Build/Nimble.xcframework; sourceTree = "<group>"; };
		63B526DD2656D53700289719 /* Quick.xcframework */ = {isa = PBXFileReference; lastKnownFileType = wrapper.xcframework; name = Quick.xcframework; path = Carthage/Build/Quick.xcframework; sourceTree = "<group>"; };
		63DE6CC9272A2ECB00E2A728 /* MessageSpec.swift */ = {isa = PBXFileReference; lastKnownFileType = sourcecode.swift; path = MessageSpec.swift; sourceTree = "<group>"; };
		63F0F58C2592E44800C904FB /* ChatRoomViewController.swift */ = {isa = PBXFileReference; lastKnownFileType = sourcecode.swift; path = ChatRoomViewController.swift; sourceTree = "<group>"; };
		63F3765229E7296F00A5AB6E /* SynchronizedArray.swift */ = {isa = PBXFileReference; lastKnownFileType = sourcecode.swift; path = SynchronizedArray.swift; sourceTree = "<group>"; };
/* End PBXFileReference section */

/* Begin PBXFrameworksBuildPhase section */
		125A9EE12543C82800292017 /* Frameworks */ = {
			isa = PBXFrameworksBuildPhase;
			buildActionMask = 2147483647;
			files = (
				125A9EF82543C84700292017 /* SwiftPhoenixClient.framework in Frameworks */,
			);
			runOnlyForDeploymentPostprocessing = 0;
		};
		1281438F25410D52008615A7 /* Frameworks */ = {
			isa = PBXFrameworksBuildPhase;
			buildActionMask = 2147483647;
			files = (
			);
			runOnlyForDeploymentPostprocessing = 0;
		};
		1281439825410D52008615A7 /* Frameworks */ = {
			isa = PBXFrameworksBuildPhase;
			buildActionMask = 2147483647;
			files = (
				63B526DE2656D53700289719 /* Nimble.xcframework in Frameworks */,
				63B526DF2656D53700289719 /* Quick.xcframework in Frameworks */,
				1281439C25410D52008615A7 /* SwiftPhoenixClient.framework in Frameworks */,
			);
			runOnlyForDeploymentPostprocessing = 0;
		};
/* End PBXFrameworksBuildPhase section */

/* Begin PBXGroup section */
		125A9EFD2543C8D000292017 /* Basic */ = {
			isa = PBXGroup;
			children = (
				63F0F5922592E59800C904FB /* chatroom */,
				63F0F5912592E58800C904FB /* basic */,
				125A9EFF2543C8D000292017 /* Assets.xcassets */,
				125A9F002543C8D000292017 /* LaunchScreen.storyboard */,
				125A9F022543C8D000292017 /* Main.storyboard */,
				125A9F042543C8D000292017 /* AppDelegate.swift */,
				125A9F052543C8D000292017 /* Info.plist */,
				125A9F062543C8D000292017 /* SceneDelegate.swift */,
			);
			path = Basic;
			sourceTree = "<group>";
		};
		1281438825410D52008615A7 = {
			isa = PBXGroup;
			children = (
				128143AC25410DF3008615A7 /* Sources */,
				128143B425410E01008615A7 /* Tests */,
				128143BB25410E13008615A7 /* Examples */,
				128143D82541142F008615A7 /* Frameworks */,
				1281439325410D52008615A7 /* Products */,
			);
			sourceTree = "<group>";
		};
		1281439325410D52008615A7 /* Products */ = {
			isa = PBXGroup;
			children = (
				1281439225410D52008615A7 /* SwiftPhoenixClient.framework */,
				1281439B25410D52008615A7 /* SwiftPhoenixClientTests.xctest */,
				125A9EE42543C82800292017 /* Basic.app */,
			);
			name = Products;
			sourceTree = "<group>";
		};
		128143AC25410DF3008615A7 /* Sources */ = {
			isa = PBXGroup;
			children = (
				128143AE25410DF3008615A7 /* SwiftPhoenixClient */,
				128143AF25410DF3008615A7 /* Supporting Files */,
			);
			path = Sources;
			sourceTree = "<group>";
		};
		128143AE25410DF3008615A7 /* SwiftPhoenixClient */ = {
			isa = PBXGroup;
			children = (
				12991E04254C3F3300BB8650 /* Channel.swift */,
				12991DFA254C3EB800BB8650 /* Defaults.swift */,
				12991DFC254C3ED300BB8650 /* Delegated.swift */,
				12991DFE254C3EF900BB8650 /* HeartbeatTimer.swift */,
				12991E06254C3F4B00BB8650 /* Message.swift */,
				12991E08254C3F5B00BB8650 /* Presence.swift */,
				12991E02254C3F2300BB8650 /* Push.swift */,
				12922E1F2543B10B0034B257 /* Socket.swift */,
				12991E00254C3F1300BB8650 /* TimeoutTimer.swift */,
				12922E212543B37B0034B257 /* PhoenixTransport.swift */,
				63F3765229E7296F00A5AB6E /* SynchronizedArray.swift */,
			);
			path = SwiftPhoenixClient;
			sourceTree = "<group>";
		};
		128143AF25410DF3008615A7 /* Supporting Files */ = {
			isa = PBXGroup;
			children = (
				128143B025410DF3008615A7 /* SwiftPhoenixClient.h */,
				128143B125410DF3008615A7 /* Info.plist */,
			);
			path = "Supporting Files";
			sourceTree = "<group>";
		};
		128143B425410E01008615A7 /* Tests */ = {
			isa = PBXGroup;
			children = (
				12991E0C254C450A00BB8650 /* Fakes */,
				12991E0D254C451700BB8650 /* Helpers */,
				12EF620925524DBF00A6EE9B /* Mocks */,
				12EF61FE25524B6800A6EE9B /* SwiftPhoenixClientTests */,
			);
			path = Tests;
			sourceTree = "<group>";
		};
		128143BB25410E13008615A7 /* Examples */ = {
			isa = PBXGroup;
			children = (
				125A9EFD2543C8D000292017 /* Basic */,
			);
			path = Examples;
			sourceTree = "<group>";
		};
		128143D82541142F008615A7 /* Frameworks */ = {
			isa = PBXGroup;
			children = (
				63B526DC2656D53700289719 /* Nimble.xcframework */,
				63B526DD2656D53700289719 /* Quick.xcframework */,
				63B5268D2656CFFE00289719 /* RxSwift.xcframework */,
				63B526842656CF9600289719 /* Starscream.xcframework */,
			);
			name = Frameworks;
			sourceTree = "<group>";
		};
		12991E0C254C450A00BB8650 /* Fakes */ = {
			isa = PBXGroup;
			children = (
				12991E0E254C454C00BB8650 /* SocketSpy.swift */,
				12991E10254C456F00BB8650 /* FakeTimerQueue.swift */,
				12991E14254C45FC00BB8650 /* FakeTimerQueueSpec.swift */,
			);
			path = Fakes;
			sourceTree = "<group>";
		};
		12991E0D254C451700BB8650 /* Helpers */ = {
			isa = PBXGroup;
			children = (
				12991E12254C458100BB8650 /* TestHelpers.swift */,
			);
			path = Helpers;
			sourceTree = "<group>";
		};
		12EF61FE25524B6800A6EE9B /* SwiftPhoenixClientTests */ = {
			isa = PBXGroup;
			children = (
				12EF61FF25524B6800A6EE9B /* SocketSpec.swift */,
				12EF620025524B6800A6EE9B /* ChannelSpec.swift */,
				12EF620125524B6800A6EE9B /* PresenceSpec.swift */,
				12EF620225524B6800A6EE9B /* TimeoutTimerSpec.swift */,
				12EF620325524B6800A6EE9B /* DefaultSerializerSpec.swift */,
				635669C3261631DC0068B665 /* URLSessionTransportSpec.swift */,
				63ACBE9326D53DF500171582 /* HeartbeatTimerSpec.swift */,
				63DE6CC9272A2ECB00E2A728 /* MessageSpec.swift */,
			);
			path = SwiftPhoenixClientTests;
			sourceTree = "<group>";
		};
		12EF620925524DBF00A6EE9B /* Mocks */ = {
			isa = PBXGroup;
			children = (
				12EF620C25524EEF00A6EE9B /* MockableClass.generated.swift */,
				12EF620D25524EEF00A6EE9B /* MockableProtocol.generated.swift */,
			);
			path = Mocks;
			sourceTree = "<group>";
		};
		63F0F5912592E58800C904FB /* basic */ = {
			isa = PBXGroup;
			children = (
				125A9F0E2543CDDE00292017 /* BasicChatViewController.swift */,
			);
			path = basic;
			sourceTree = "<group>";
		};
		63F0F5922592E59800C904FB /* chatroom */ = {
			isa = PBXGroup;
			children = (
				63F0F58C2592E44800C904FB /* ChatRoomViewController.swift */,
			);
			path = chatroom;
			sourceTree = "<group>";
		};
/* End PBXGroup section */

/* Begin PBXHeadersBuildPhase section */
		1281438D25410D52008615A7 /* Headers */ = {
			isa = PBXHeadersBuildPhase;
			buildActionMask = 2147483647;
			files = (
				128143B225410DF3008615A7 /* SwiftPhoenixClient.h in Headers */,
			);
			runOnlyForDeploymentPostprocessing = 0;
		};
/* End PBXHeadersBuildPhase section */

/* Begin PBXNativeTarget section */
		125A9EE32543C82800292017 /* Basic */ = {
			isa = PBXNativeTarget;
			buildConfigurationList = 125A9EF52543C82900292017 /* Build configuration list for PBXNativeTarget "Basic" */;
			buildPhases = (
				125A9EE02543C82800292017 /* Sources */,
				125A9EE12543C82800292017 /* Frameworks */,
				125A9EE22543C82800292017 /* Resources */,
				63B526B42656D0DE00289719 /* Embed Frameworks */,
			);
			buildRules = (
			);
			dependencies = (
				125A9EFB2543C84700292017 /* PBXTargetDependency */,
			);
			name = Basic;
			productName = Basic;
			productReference = 125A9EE42543C82800292017 /* Basic.app */;
			productType = "com.apple.product-type.application";
		};
		1281439125410D52008615A7 /* SwiftPhoenixClient */ = {
			isa = PBXNativeTarget;
			buildConfigurationList = 128143A625410D52008615A7 /* Build configuration list for PBXNativeTarget "SwiftPhoenixClient" */;
			buildPhases = (
				1281438D25410D52008615A7 /* Headers */,
				1281438E25410D52008615A7 /* Sources */,
				1281438F25410D52008615A7 /* Frameworks */,
				1281439025410D52008615A7 /* Resources */,
			);
			buildRules = (
			);
			dependencies = (
			);
			name = SwiftPhoenixClient;
			productName = SwiftPhoenixClient;
			productReference = 1281439225410D52008615A7 /* SwiftPhoenixClient.framework */;
			productType = "com.apple.product-type.framework";
		};
		1281439A25410D52008615A7 /* SwiftPhoenixClientTests */ = {
			isa = PBXNativeTarget;
			buildConfigurationList = 128143A925410D52008615A7 /* Build configuration list for PBXNativeTarget "SwiftPhoenixClientTests" */;
			buildPhases = (
				1281439725410D52008615A7 /* Sources */,
				1281439825410D52008615A7 /* Frameworks */,
				1281439925410D52008615A7 /* Resources */,
			);
			buildRules = (
			);
			dependencies = (
				1281439E25410D52008615A7 /* PBXTargetDependency */,
			);
			name = SwiftPhoenixClientTests;
			productName = SwiftPhoenixClientTests;
			productReference = 1281439B25410D52008615A7 /* SwiftPhoenixClientTests.xctest */;
			productType = "com.apple.product-type.bundle.unit-test";
		};
/* End PBXNativeTarget section */

/* Begin PBXProject section */
		1281438925410D52008615A7 /* Project object */ = {
			isa = PBXProject;
			attributes = {
				LastSwiftUpdateCheck = 1170;
				LastUpgradeCheck = 1420;
				ORGANIZATIONNAME = SwiftPhoenixClient;
				TargetAttributes = {
					125A9EE32543C82800292017 = {
						CreatedOnToolsVersion = 11.7;
						LastSwiftMigration = 1230;
					};
					1281439125410D52008615A7 = {
						CreatedOnToolsVersion = 11.7;
					};
					1281439A25410D52008615A7 = {
						CreatedOnToolsVersion = 11.7;
					};
				};
			};
			buildConfigurationList = 1281438C25410D52008615A7 /* Build configuration list for PBXProject "SwiftPhoenixClient" */;
			compatibilityVersion = "Xcode 9.3";
			developmentRegion = en;
			hasScannedForEncodings = 0;
			knownRegions = (
				en,
				Base,
			);
			mainGroup = 1281438825410D52008615A7;
			productRefGroup = 1281439325410D52008615A7 /* Products */;
			projectDirPath = "";
			projectRoot = "";
			targets = (
				1281439125410D52008615A7 /* SwiftPhoenixClient */,
				1281439A25410D52008615A7 /* SwiftPhoenixClientTests */,
				125A9EE32543C82800292017 /* Basic */,
			);
		};
/* End PBXProject section */

/* Begin PBXResourcesBuildPhase section */
		125A9EE22543C82800292017 /* Resources */ = {
			isa = PBXResourcesBuildPhase;
			buildActionMask = 2147483647;
			files = (
				125A9F082543C8D000292017 /* Assets.xcassets in Resources */,
				125A9F0A2543C8D000292017 /* Main.storyboard in Resources */,
				125A9F092543C8D000292017 /* LaunchScreen.storyboard in Resources */,
			);
			runOnlyForDeploymentPostprocessing = 0;
		};
		1281439025410D52008615A7 /* Resources */ = {
			isa = PBXResourcesBuildPhase;
			buildActionMask = 2147483647;
			files = (
			);
			runOnlyForDeploymentPostprocessing = 0;
		};
		1281439925410D52008615A7 /* Resources */ = {
			isa = PBXResourcesBuildPhase;
			buildActionMask = 2147483647;
			files = (
			);
			runOnlyForDeploymentPostprocessing = 0;
		};
/* End PBXResourcesBuildPhase section */

/* Begin PBXSourcesBuildPhase section */
		125A9EE02543C82800292017 /* Sources */ = {
			isa = PBXSourcesBuildPhase;
			buildActionMask = 2147483647;
			files = (
				125A9F0B2543C8D000292017 /* AppDelegate.swift in Sources */,
				125A9F0F2543CDDE00292017 /* BasicChatViewController.swift in Sources */,
				63F0F58D2592E44800C904FB /* ChatRoomViewController.swift in Sources */,
				125A9F0D2543C8D000292017 /* SceneDelegate.swift in Sources */,
			);
			runOnlyForDeploymentPostprocessing = 0;
		};
		1281438E25410D52008615A7 /* Sources */ = {
			isa = PBXSourcesBuildPhase;
			buildActionMask = 2147483647;
			files = (
				12991DFB254C3EB800BB8650 /* Defaults.swift in Sources */,
				12991E05254C3F3300BB8650 /* Channel.swift in Sources */,
				63F3765329E7296F00A5AB6E /* SynchronizedArray.swift in Sources */,
				12991E09254C3F5B00BB8650 /* Presence.swift in Sources */,
				12991E01254C3F1300BB8650 /* TimeoutTimer.swift in Sources */,
				12991E07254C3F4B00BB8650 /* Message.swift in Sources */,
				12991DFD254C3ED300BB8650 /* Delegated.swift in Sources */,
				12991DFF254C3EF900BB8650 /* HeartbeatTimer.swift in Sources */,
				12991E03254C3F2300BB8650 /* Push.swift in Sources */,
				12922E202543B10B0034B257 /* Socket.swift in Sources */,
				12922E222543B37B0034B257 /* PhoenixTransport.swift in Sources */,
			);
			runOnlyForDeploymentPostprocessing = 0;
		};
		1281439725410D52008615A7 /* Sources */ = {
			isa = PBXSourcesBuildPhase;
			buildActionMask = 2147483647;
			files = (
				12EF620825524B6800A6EE9B /* DefaultSerializerSpec.swift in Sources */,
				63ACBE9426D53DF500171582 /* HeartbeatTimerSpec.swift in Sources */,
				12991E11254C456F00BB8650 /* FakeTimerQueue.swift in Sources */,
				12991E15254C45FC00BB8650 /* FakeTimerQueueSpec.swift in Sources */,
				635669C4261631DC0068B665 /* URLSessionTransportSpec.swift in Sources */,
				12EF620725524B6800A6EE9B /* TimeoutTimerSpec.swift in Sources */,
				63DE6CCA272A2ECB00E2A728 /* MessageSpec.swift in Sources */,
				12EF620F25524EEF00A6EE9B /* MockableProtocol.generated.swift in Sources */,
				12991E0F254C454C00BB8650 /* SocketSpy.swift in Sources */,
				12991E13254C458100BB8650 /* TestHelpers.swift in Sources */,
				12EF620525524B6800A6EE9B /* ChannelSpec.swift in Sources */,
				12EF620E25524EEF00A6EE9B /* MockableClass.generated.swift in Sources */,
				12EF620625524B6800A6EE9B /* PresenceSpec.swift in Sources */,
				12EF620425524B6800A6EE9B /* SocketSpec.swift in Sources */,
			);
			runOnlyForDeploymentPostprocessing = 0;
		};
/* End PBXSourcesBuildPhase section */

/* Begin PBXTargetDependency section */
		125A9EFB2543C84700292017 /* PBXTargetDependency */ = {
			isa = PBXTargetDependency;
			target = 1281439125410D52008615A7 /* SwiftPhoenixClient */;
			targetProxy = 125A9EFA2543C84700292017 /* PBXContainerItemProxy */;
		};
		1281439E25410D52008615A7 /* PBXTargetDependency */ = {
			isa = PBXTargetDependency;
			target = 1281439125410D52008615A7 /* SwiftPhoenixClient */;
			targetProxy = 1281439D25410D52008615A7 /* PBXContainerItemProxy */;
		};
/* End PBXTargetDependency section */

/* Begin PBXVariantGroup section */
		125A9F002543C8D000292017 /* LaunchScreen.storyboard */ = {
			isa = PBXVariantGroup;
			children = (
				125A9F012543C8D000292017 /* Base */,
			);
			name = LaunchScreen.storyboard;
			sourceTree = "<group>";
		};
		125A9F022543C8D000292017 /* Main.storyboard */ = {
			isa = PBXVariantGroup;
			children = (
				125A9F032543C8D000292017 /* Base */,
			);
			name = Main.storyboard;
			sourceTree = "<group>";
		};
/* End PBXVariantGroup section */

/* Begin XCBuildConfiguration section */
		125A9EF62543C82900292017 /* Debug */ = {
			isa = XCBuildConfiguration;
			buildSettings = {
				ASSETCATALOG_COMPILER_APPICON_NAME = AppIcon;
				CLANG_ENABLE_MODULES = YES;
				CODE_SIGN_STYLE = Automatic;
				FRAMEWORK_SEARCH_PATHS = (
					"$(inherited)",
					"$(PROJECT_DIR)/Carthage/Build/iOS",
				);
				INFOPLIST_FILE = Examples/Basic/Info.plist;
				LD_RUNPATH_SEARCH_PATHS = (
					"$(inherited)",
					"@executable_path/Frameworks",
				);
				PRODUCT_BUNDLE_IDENTIFIER = com.github.SwiftPhoenixClient.Basic;
				PRODUCT_NAME = "$(TARGET_NAME)";
				SDKROOT = iphoneos;
				SWIFT_OPTIMIZATION_LEVEL = "-Onone";
				SWIFT_VERSION = 5.0;
				TARGETED_DEVICE_FAMILY = "1,2";
			};
			name = Debug;
		};
		125A9EF72543C82900292017 /* Release */ = {
			isa = XCBuildConfiguration;
			buildSettings = {
				ASSETCATALOG_COMPILER_APPICON_NAME = AppIcon;
				CLANG_ENABLE_MODULES = YES;
				CODE_SIGN_STYLE = Automatic;
				FRAMEWORK_SEARCH_PATHS = (
					"$(inherited)",
					"$(PROJECT_DIR)/Carthage/Build/iOS",
				);
				INFOPLIST_FILE = Examples/Basic/Info.plist;
				LD_RUNPATH_SEARCH_PATHS = (
					"$(inherited)",
					"@executable_path/Frameworks",
				);
				PRODUCT_BUNDLE_IDENTIFIER = com.github.SwiftPhoenixClient.Basic;
				PRODUCT_NAME = "$(TARGET_NAME)";
				SDKROOT = iphoneos;
				SWIFT_VERSION = 5.0;
				TARGETED_DEVICE_FAMILY = "1,2";
				VALIDATE_PRODUCT = YES;
			};
			name = Release;
		};
		128143A425410D52008615A7 /* Debug */ = {
			isa = XCBuildConfiguration;
			buildSettings = {
				ALWAYS_SEARCH_USER_PATHS = NO;
				CLANG_ANALYZER_NONNULL = YES;
				CLANG_ANALYZER_NUMBER_OBJECT_CONVERSION = YES_AGGRESSIVE;
				CLANG_CXX_LANGUAGE_STANDARD = "gnu++14";
				CLANG_CXX_LIBRARY = "libc++";
				CLANG_ENABLE_MODULES = YES;
				CLANG_ENABLE_OBJC_ARC = YES;
				CLANG_ENABLE_OBJC_WEAK = YES;
				CLANG_WARN_BLOCK_CAPTURE_AUTORELEASING = YES;
				CLANG_WARN_BOOL_CONVERSION = YES;
				CLANG_WARN_COMMA = YES;
				CLANG_WARN_CONSTANT_CONVERSION = YES;
				CLANG_WARN_DEPRECATED_OBJC_IMPLEMENTATIONS = YES;
				CLANG_WARN_DIRECT_OBJC_ISA_USAGE = YES_ERROR;
				CLANG_WARN_DOCUMENTATION_COMMENTS = YES;
				CLANG_WARN_EMPTY_BODY = YES;
				CLANG_WARN_ENUM_CONVERSION = YES;
				CLANG_WARN_INFINITE_RECURSION = YES;
				CLANG_WARN_INT_CONVERSION = YES;
				CLANG_WARN_NON_LITERAL_NULL_CONVERSION = YES;
				CLANG_WARN_OBJC_IMPLICIT_RETAIN_SELF = YES;
				CLANG_WARN_OBJC_LITERAL_CONVERSION = YES;
				CLANG_WARN_OBJC_ROOT_CLASS = YES_ERROR;
				CLANG_WARN_QUOTED_INCLUDE_IN_FRAMEWORK_HEADER = YES;
				CLANG_WARN_RANGE_LOOP_ANALYSIS = YES;
				CLANG_WARN_STRICT_PROTOTYPES = YES;
				CLANG_WARN_SUSPICIOUS_MOVE = YES;
				CLANG_WARN_UNGUARDED_AVAILABILITY = YES_AGGRESSIVE;
				CLANG_WARN_UNREACHABLE_CODE = YES;
				CLANG_WARN__DUPLICATE_METHOD_MATCH = YES;
				COPY_PHASE_STRIP = NO;
				CURRENT_PROJECT_VERSION = 1;
				DEAD_CODE_STRIPPING = YES;
				DEBUG_INFORMATION_FORMAT = dwarf;
				ENABLE_STRICT_OBJC_MSGSEND = YES;
				ENABLE_TESTABILITY = YES;
				FRAMEWORK_SEARCH_PATHS = "$(SRCROOT)/Carthage/Build/";
				GCC_C_LANGUAGE_STANDARD = gnu11;
				GCC_DYNAMIC_NO_PIC = NO;
				GCC_NO_COMMON_BLOCKS = YES;
				GCC_OPTIMIZATION_LEVEL = 0;
				GCC_PREPROCESSOR_DEFINITIONS = (
					"DEBUG=1",
					"$(inherited)",
				);
				GCC_WARN_64_TO_32_BIT_CONVERSION = YES;
				GCC_WARN_ABOUT_RETURN_TYPE = YES_ERROR;
				GCC_WARN_UNDECLARED_SELECTOR = YES;
				GCC_WARN_UNINITIALIZED_AUTOS = YES_AGGRESSIVE;
				GCC_WARN_UNUSED_FUNCTION = YES;
				GCC_WARN_UNUSED_VARIABLE = YES;
				MACOSX_DEPLOYMENT_TARGET = 10.15;
				MTL_ENABLE_DEBUG_INFO = INCLUDE_SOURCE;
				MTL_FAST_MATH = YES;
				ONLY_ACTIVE_ARCH = YES;
				SDKROOT = macosx;
				SWIFT_ACTIVE_COMPILATION_CONDITIONS = DEBUG;
				SWIFT_OPTIMIZATION_LEVEL = "-Onone";
				VERSIONING_SYSTEM = "apple-generic";
				VERSION_INFO_PREFIX = "";
			};
			name = Debug;
		};
		128143A525410D52008615A7 /* Release */ = {
			isa = XCBuildConfiguration;
			buildSettings = {
				ALWAYS_SEARCH_USER_PATHS = NO;
				CLANG_ANALYZER_NONNULL = YES;
				CLANG_ANALYZER_NUMBER_OBJECT_CONVERSION = YES_AGGRESSIVE;
				CLANG_CXX_LANGUAGE_STANDARD = "gnu++14";
				CLANG_CXX_LIBRARY = "libc++";
				CLANG_ENABLE_MODULES = YES;
				CLANG_ENABLE_OBJC_ARC = YES;
				CLANG_ENABLE_OBJC_WEAK = YES;
				CLANG_WARN_BLOCK_CAPTURE_AUTORELEASING = YES;
				CLANG_WARN_BOOL_CONVERSION = YES;
				CLANG_WARN_COMMA = YES;
				CLANG_WARN_CONSTANT_CONVERSION = YES;
				CLANG_WARN_DEPRECATED_OBJC_IMPLEMENTATIONS = YES;
				CLANG_WARN_DIRECT_OBJC_ISA_USAGE = YES_ERROR;
				CLANG_WARN_DOCUMENTATION_COMMENTS = YES;
				CLANG_WARN_EMPTY_BODY = YES;
				CLANG_WARN_ENUM_CONVERSION = YES;
				CLANG_WARN_INFINITE_RECURSION = YES;
				CLANG_WARN_INT_CONVERSION = YES;
				CLANG_WARN_NON_LITERAL_NULL_CONVERSION = YES;
				CLANG_WARN_OBJC_IMPLICIT_RETAIN_SELF = YES;
				CLANG_WARN_OBJC_LITERAL_CONVERSION = YES;
				CLANG_WARN_OBJC_ROOT_CLASS = YES_ERROR;
				CLANG_WARN_QUOTED_INCLUDE_IN_FRAMEWORK_HEADER = YES;
				CLANG_WARN_RANGE_LOOP_ANALYSIS = YES;
				CLANG_WARN_STRICT_PROTOTYPES = YES;
				CLANG_WARN_SUSPICIOUS_MOVE = YES;
				CLANG_WARN_UNGUARDED_AVAILABILITY = YES_AGGRESSIVE;
				CLANG_WARN_UNREACHABLE_CODE = YES;
				CLANG_WARN__DUPLICATE_METHOD_MATCH = YES;
				COPY_PHASE_STRIP = NO;
				CURRENT_PROJECT_VERSION = 1;
				DEAD_CODE_STRIPPING = YES;
				DEBUG_INFORMATION_FORMAT = "dwarf-with-dsym";
				ENABLE_NS_ASSERTIONS = NO;
				ENABLE_STRICT_OBJC_MSGSEND = YES;
				FRAMEWORK_SEARCH_PATHS = "$(SRCROOT)/Carthage/Build/";
				GCC_C_LANGUAGE_STANDARD = gnu11;
				GCC_NO_COMMON_BLOCKS = YES;
				GCC_WARN_64_TO_32_BIT_CONVERSION = YES;
				GCC_WARN_ABOUT_RETURN_TYPE = YES_ERROR;
				GCC_WARN_UNDECLARED_SELECTOR = YES;
				GCC_WARN_UNINITIALIZED_AUTOS = YES_AGGRESSIVE;
				GCC_WARN_UNUSED_FUNCTION = YES;
				GCC_WARN_UNUSED_VARIABLE = YES;
				MACOSX_DEPLOYMENT_TARGET = 10.15;
				MTL_ENABLE_DEBUG_INFO = NO;
				MTL_FAST_MATH = YES;
				SDKROOT = macosx;
				SWIFT_COMPILATION_MODE = wholemodule;
				SWIFT_OPTIMIZATION_LEVEL = "-O";
				VERSIONING_SYSTEM = "apple-generic";
				VERSION_INFO_PREFIX = "";
			};
			name = Release;
		};
		128143A725410D52008615A7 /* Debug */ = {
			isa = XCBuildConfiguration;
			buildSettings = {
				APPLICATION_EXTENSION_API_ONLY = YES;
				COMBINE_HIDPI_IMAGES = YES;
				DEAD_CODE_STRIPPING = YES;
				DEFINES_MODULE = YES;
				DEVELOPMENT_TEAM = "";
				DYLIB_COMPATIBILITY_VERSION = 1;
				DYLIB_CURRENT_VERSION = 1;
				DYLIB_INSTALL_NAME_BASE = "@rpath";
				INFOPLIST_FILE = "$(SRCROOT)/Sources/Supporting Files/Info.plist";
				INSTALL_PATH = "$(LOCAL_LIBRARY_DIR)/Frameworks";
				IPHONEOS_DEPLOYMENT_TARGET = 11.0;
				LD_RUNPATH_SEARCH_PATHS = (
					"$(inherited)",
					"@executable_path/../Frameworks",
					"@loader_path/Frameworks",
				);
				MACOSX_DEPLOYMENT_TARGET = 10.13;
				PRODUCT_BUNDLE_IDENTIFIER = com.github.SwiftPhoenixClient;
				PRODUCT_NAME = "$(TARGET_NAME:c99extidentifier)";
				SKIP_INSTALL = YES;
				SUPPORTED_PLATFORMS = "macosx iphoneos iphonesimulator appletvos appletvsimulator watchos watchsimulator";
				SWIFT_VERSION = 5.0;
				TVOS_DEPLOYMENT_TARGET = 11.0;
				WATCHOS_DEPLOYMENT_TARGET = 4.0;
			};
			name = Debug;
		};
		128143A825410D52008615A7 /* Release */ = {
			isa = XCBuildConfiguration;
			buildSettings = {
				APPLICATION_EXTENSION_API_ONLY = YES;
				COMBINE_HIDPI_IMAGES = YES;
				DEAD_CODE_STRIPPING = YES;
				DEFINES_MODULE = YES;
				DEVELOPMENT_TEAM = "";
				DYLIB_COMPATIBILITY_VERSION = 1;
				DYLIB_CURRENT_VERSION = 1;
				DYLIB_INSTALL_NAME_BASE = "@rpath";
				INFOPLIST_FILE = "$(SRCROOT)/Sources/Supporting Files/Info.plist";
				INSTALL_PATH = "$(LOCAL_LIBRARY_DIR)/Frameworks";
				IPHONEOS_DEPLOYMENT_TARGET = 11.0;
				LD_RUNPATH_SEARCH_PATHS = (
					"$(inherited)",
					"@executable_path/../Frameworks",
					"@loader_path/Frameworks",
				);
				MACOSX_DEPLOYMENT_TARGET = 10.13;
				PRODUCT_BUNDLE_IDENTIFIER = com.github.SwiftPhoenixClient;
				PRODUCT_NAME = "$(TARGET_NAME:c99extidentifier)";
				SKIP_INSTALL = YES;
				SUPPORTED_PLATFORMS = "macosx iphoneos iphonesimulator appletvos appletvsimulator watchos watchsimulator";
				SWIFT_VERSION = 5.0;
				TVOS_DEPLOYMENT_TARGET = 11.0;
				WATCHOS_DEPLOYMENT_TARGET = 4.0;
			};
			name = Release;
		};
		128143AA25410D52008615A7 /* Debug */ = {
			isa = XCBuildConfiguration;
			buildSettings = {
				ALWAYS_EMBED_SWIFT_STANDARD_LIBRARIES = YES;
				CODE_SIGN_STYLE = Automatic;
				COMBINE_HIDPI_IMAGES = YES;
				DEAD_CODE_STRIPPING = YES;
				"FRAMEWORK_SEARCH_PATHS[sdk=appletvos*]" = (
					"$(SRCROOT)/Carthage/Build/tvOS/",
					"$(inherited)",
				);
				"FRAMEWORK_SEARCH_PATHS[sdk=iphoneos*]" = (
					"$(SRCROOT)/Carthage/Build/Nimble.xcframework/ios-arm64_armv7",
					"$(SRCROOT)/Carthage/Build/Quick.xcframework/ios-arm64_armv7",
					"$(inherited)",
				);
				"FRAMEWORK_SEARCH_PATHS[sdk=iphonesimulator*]" = (
					"$(SRCROOT)/Carthage/Build/Nimble.xcframework/ios-arm64_i386_x86_64-simulator",
					"$(SRCROOT)/Carthage/Build/Quick.xcframework/ios-arm64_i386_x86_64-simulator",
					"$(inherited)",
				);
				"FRAMEWORK_SEARCH_PATHS[sdk=macosx*]" = (
					"$(SRCROOT)/Carthage/Build/Mac/",
					"$(inherited)",
				);
				INFOPLIST_FILE = "$(SRCROOT)/Sources/Supporting Files/Info.plist";
				IPHONEOS_DEPLOYMENT_TARGET = 11.0;
				LD_RUNPATH_SEARCH_PATHS = (
					"$(inherited)",
					"@executable_path/Frameworks",
					"@loader_path/Frameworks",
				);
				"LD_RUNPATH_SEARCH_PATHS[sdk=macosx*]" = (
					"$(inherited)",
					"@executable_path/../Frameworks",
					"@loader_path/../Frameworks",
				);
				MACOSX_DEPLOYMENT_TARGET = 10.13;
				PRODUCT_BUNDLE_IDENTIFIER = com.github.SwiftPhoenixClientTests;
				PRODUCT_NAME = "$(TARGET_NAME)";
				SUPPORTED_PLATFORMS = "macosx iphoneos iphonesimulator appletvos appletvsimulator watchos watchsimulator";
				SWIFT_VERSION = 5.0;
				TVOS_DEPLOYMENT_TARGET = 12.0;
				WATCHOS_DEPLOYMENT_TARGET = 4.0;
			};
			name = Debug;
		};
		128143AB25410D52008615A7 /* Release */ = {
			isa = XCBuildConfiguration;
			buildSettings = {
				ALWAYS_EMBED_SWIFT_STANDARD_LIBRARIES = YES;
				CODE_SIGN_STYLE = Automatic;
				COMBINE_HIDPI_IMAGES = YES;
				DEAD_CODE_STRIPPING = YES;
				"FRAMEWORK_SEARCH_PATHS[sdk=appletv*]" = (
					"$(SRCROOT)/Carthage/Build/tvOS/",
					"$(inherited)",
				);
				"FRAMEWORK_SEARCH_PATHS[sdk=iphone*]" = (
					"$(SRCROOT)/Carthage/Build/iOS/",
					"$(inherited)",
				);
				"FRAMEWORK_SEARCH_PATHS[sdk=macosx*]" = (
					"$(SRCROOT)/Carthage/Build/Mac/",
					"$(inherited)",
				);
				"FRAMEWORK_SEARCH_PATHS[sdk=watch*]" = (
					"$(SRCROOT)/Carthage/Build/watchOS/",
					"$(inherited)",
				);
				INFOPLIST_FILE = "$(SRCROOT)/Sources/Supporting Files/Info.plist";
				IPHONEOS_DEPLOYMENT_TARGET = 11.0;
				LD_RUNPATH_SEARCH_PATHS = (
					"$(inherited)",
					"@executable_path/Frameworks",
					"@loader_path/Frameworks",
				);
				"LD_RUNPATH_SEARCH_PATHS[sdk=macosx*]" = (
					"$(inherited)",
					"@executable_path/../Frameworks",
					"@loader_path/../Frameworks",
				);
				MACOSX_DEPLOYMENT_TARGET = 10.13;
				PRODUCT_BUNDLE_IDENTIFIER = com.github.SwiftPhoenixClientTests;
				PRODUCT_NAME = "$(TARGET_NAME)";
				SUPPORTED_PLATFORMS = "macosx iphoneos iphonesimulator appletvos appletvsimulator watchos watchsimulator";
				SWIFT_VERSION = 5.0;
				TVOS_DEPLOYMENT_TARGET = 12.0;
				WATCHOS_DEPLOYMENT_TARGET = 4.0;
			};
			name = Release;
		};
/* End XCBuildConfiguration section */

/* Begin XCConfigurationList section */
		125A9EF52543C82900292017 /* Build configuration list for PBXNativeTarget "Basic" */ = {
			isa = XCConfigurationList;
			buildConfigurations = (
				125A9EF62543C82900292017 /* Debug */,
				125A9EF72543C82900292017 /* Release */,
			);
			defaultConfigurationIsVisible = 0;
			defaultConfigurationName = Release;
		};
		1281438C25410D52008615A7 /* Build configuration list for PBXProject "SwiftPhoenixClient" */ = {
			isa = XCConfigurationList;
			buildConfigurations = (
				128143A425410D52008615A7 /* Debug */,
				128143A525410D52008615A7 /* Release */,
			);
			defaultConfigurationIsVisible = 0;
			defaultConfigurationName = Release;
		};
		128143A625410D52008615A7 /* Build configuration list for PBXNativeTarget "SwiftPhoenixClient" */ = {
			isa = XCConfigurationList;
			buildConfigurations = (
				128143A725410D52008615A7 /* Debug */,
				128143A825410D52008615A7 /* Release */,
			);
			defaultConfigurationIsVisible = 0;
			defaultConfigurationName = Release;
		};
		128143A925410D52008615A7 /* Build configuration list for PBXNativeTarget "SwiftPhoenixClientTests" */ = {
			isa = XCConfigurationList;
			buildConfigurations = (
				128143AA25410D52008615A7 /* Debug */,
				128143AB25410D52008615A7 /* Release */,
			);
			defaultConfigurationIsVisible = 0;
			defaultConfigurationName = Release;
		};
/* End XCConfigurationList section */
	};
	rootObject = 1281438925410D52008615A7 /* Project object */;
}
